// !$*UTF8*$!
{
	archiveVersion = 1;
	classes = {
	};
	objectVersion = 56;
	objects = {

/* Begin PBXBuildFile section */
		9357E967DE50132D2DB05EFB /* Pods_assignment01.framework in Frameworks */ = {isa = PBXBuildFile; fileRef = 02AC7B7D414953DEE49D740D /* Pods_assignment01.framework */; };
		E73322A62ABC0CCD0013CF66 /* TodoListCell.swift in Sources */ = {isa = PBXBuildFile; fileRef = E73322A52ABC0CCD0013CF66 /* TodoListCell.swift */; };
		E73322A82ABC0CD90013CF66 /* Task.swift in Sources */ = {isa = PBXBuildFile; fileRef = E73322A72ABC0CD90013CF66 /* Task.swift */; };
		E73322AC2ABC0D000013CF66 /* TodoListViewController.swift in Sources */ = {isa = PBXBuildFile; fileRef = E73322A92ABC0D000013CF66 /* TodoListViewController.swift */; };
		E73322AD2ABC0D000013CF66 /* CompletedListViewController.swift in Sources */ = {isa = PBXBuildFile; fileRef = E73322AA2ABC0D000013CF66 /* CompletedListViewController.swift */; };
		E73322AE2ABC0D000013CF66 /* AddTaskModalViewController.swift in Sources */ = {isa = PBXBuildFile; fileRef = E73322AB2ABC0D000013CF66 /* AddTaskModalViewController.swift */; };
		E73322BB2ABC0EAF0013CF66 /* UITextFieldExtension.swift in Sources */ = {isa = PBXBuildFile; fileRef = E73322B82ABC0EAF0013CF66 /* UITextFieldExtension.swift */; };
		E73322BC2ABC0EAF0013CF66 /* StringExtension.swift in Sources */ = {isa = PBXBuildFile; fileRef = E73322B92ABC0EAF0013CF66 /* StringExtension.swift */; };
		E73322BD2ABC0EAF0013CF66 /* UIImageViewExtension.swift in Sources */ = {isa = PBXBuildFile; fileRef = E73322BA2ABC0EAF0013CF66 /* UIImageViewExtension.swift */; };
		E73322BF2ABC0F4A0013CF66 /* EditTaskModalViewController.swift in Sources */ = {isa = PBXBuildFile; fileRef = E73322BE2ABC0F490013CF66 /* EditTaskModalViewController.swift */; };
		E73322C12ABC144B0013CF66 /* User.swift in Sources */ = {isa = PBXBuildFile; fileRef = E73322C02ABC144B0013CF66 /* User.swift */; };
		E7A6260F2AB2E27A00BDAC15 /* EntryView.swift in Sources */ = {isa = PBXBuildFile; fileRef = E7A6260E2AB2E27A00BDAC15 /* EntryView.swift */; };
		E7AC9E302AB83C2B00A166DA /* ProfileViewController.swift in Sources */ = {isa = PBXBuildFile; fileRef = E7AC9E2F2AB83C2B00A166DA /* ProfileViewController.swift */; };
		E7AC9E342AB83D6E00A166DA /* ProfileView.swift in Sources */ = {isa = PBXBuildFile; fileRef = E7AC9E332AB83D6E00A166DA /* ProfileView.swift */; };
		E7AC9E362AB842C300A166DA /* ProfileDesignViewController.swift in Sources */ = {isa = PBXBuildFile; fileRef = E7AC9E352AB842C300A166DA /* ProfileDesignViewController.swift */; };
		E7AC9E382AB843B000A166DA /* ProfileDesignView.swift in Sources */ = {isa = PBXBuildFile; fileRef = E7AC9E372AB843B000A166DA /* ProfileDesignView.swift */; };
		E7F21D932AB17FBA0095FDEE /* AppDelegate.swift in Sources */ = {isa = PBXBuildFile; fileRef = E7F21D922AB17FBA0095FDEE /* AppDelegate.swift */; };
		E7F21D952AB17FBA0095FDEE /* SceneDelegate.swift in Sources */ = {isa = PBXBuildFile; fileRef = E7F21D942AB17FBA0095FDEE /* SceneDelegate.swift */; };
		E7F21D972AB17FBA0095FDEE /* EntryViewController.swift in Sources */ = {isa = PBXBuildFile; fileRef = E7F21D962AB17FBA0095FDEE /* EntryViewController.swift */; };
		E7F21D9D2AB17FBA0095FDEE /* assignment01.xcdatamodeld in Sources */ = {isa = PBXBuildFile; fileRef = E7F21D9B2AB17FBA0095FDEE /* assignment01.xcdatamodeld */; };
		E7F21D9F2AB17FBC0095FDEE /* Assets.xcassets in Resources */ = {isa = PBXBuildFile; fileRef = E7F21D9E2AB17FBC0095FDEE /* Assets.xcassets */; };
		E7F21DA22AB17FBC0095FDEE /* LaunchScreen.storyboard in Resources */ = {isa = PBXBuildFile; fileRef = E7F21DA02AB17FBC0095FDEE /* LaunchScreen.storyboard */; };
/* End PBXBuildFile section */

/* Begin PBXFileReference section */
		0264837BD40DACBDC7632A76 /* Pods-assignment01.release.xcconfig */ = {isa = PBXFileReference; includeInIndex = 1; lastKnownFileType = text.xcconfig; name = "Pods-assignment01.release.xcconfig"; path = "Target Support Files/Pods-assignment01/Pods-assignment01.release.xcconfig"; sourceTree = "<group>"; };
		02AC7B7D414953DEE49D740D /* Pods_assignment01.framework */ = {isa = PBXFileReference; explicitFileType = wrapper.framework; includeInIndex = 0; path = Pods_assignment01.framework; sourceTree = BUILT_PRODUCTS_DIR; };
		6CBFF4741C1E74936DED0FBC /* Pods-assignment01.debug.xcconfig */ = {isa = PBXFileReference; includeInIndex = 1; lastKnownFileType = text.xcconfig; name = "Pods-assignment01.debug.xcconfig"; path = "Target Support Files/Pods-assignment01/Pods-assignment01.debug.xcconfig"; sourceTree = "<group>"; };
		E73322A52ABC0CCD0013CF66 /* TodoListCell.swift */ = {isa = PBXFileReference; fileEncoding = 4; lastKnownFileType = sourcecode.swift; path = TodoListCell.swift; sourceTree = "<group>"; };
		E73322A72ABC0CD90013CF66 /* Task.swift */ = {isa = PBXFileReference; fileEncoding = 4; lastKnownFileType = sourcecode.swift; path = Task.swift; sourceTree = "<group>"; };
		E73322A92ABC0D000013CF66 /* TodoListViewController.swift */ = {isa = PBXFileReference; fileEncoding = 4; lastKnownFileType = sourcecode.swift; path = TodoListViewController.swift; sourceTree = "<group>"; };
		E73322AA2ABC0D000013CF66 /* CompletedListViewController.swift */ = {isa = PBXFileReference; fileEncoding = 4; lastKnownFileType = sourcecode.swift; path = CompletedListViewController.swift; sourceTree = "<group>"; };
		E73322AB2ABC0D000013CF66 /* AddTaskModalViewController.swift */ = {isa = PBXFileReference; fileEncoding = 4; lastKnownFileType = sourcecode.swift; path = AddTaskModalViewController.swift; sourceTree = "<group>"; };
		E73322B82ABC0EAF0013CF66 /* UITextFieldExtension.swift */ = {isa = PBXFileReference; fileEncoding = 4; lastKnownFileType = sourcecode.swift; path = UITextFieldExtension.swift; sourceTree = "<group>"; };
		E73322B92ABC0EAF0013CF66 /* StringExtension.swift */ = {isa = PBXFileReference; fileEncoding = 4; lastKnownFileType = sourcecode.swift; path = StringExtension.swift; sourceTree = "<group>"; };
		E73322BA2ABC0EAF0013CF66 /* UIImageViewExtension.swift */ = {isa = PBXFileReference; fileEncoding = 4; lastKnownFileType = sourcecode.swift; path = UIImageViewExtension.swift; sourceTree = "<group>"; };
		E73322BE2ABC0F490013CF66 /* EditTaskModalViewController.swift */ = {isa = PBXFileReference; fileEncoding = 4; lastKnownFileType = sourcecode.swift; path = EditTaskModalViewController.swift; sourceTree = "<group>"; };
		E73322C02ABC144B0013CF66 /* User.swift */ = {isa = PBXFileReference; lastKnownFileType = sourcecode.swift; path = User.swift; sourceTree = "<group>"; };
		E7A6260E2AB2E27A00BDAC15 /* EntryView.swift */ = {isa = PBXFileReference; lastKnownFileType = sourcecode.swift; path = EntryView.swift; sourceTree = "<group>"; };
		E7AC9E2F2AB83C2B00A166DA /* ProfileViewController.swift */ = {isa = PBXFileReference; lastKnownFileType = sourcecode.swift; path = ProfileViewController.swift; sourceTree = "<group>"; };
		E7AC9E332AB83D6E00A166DA /* ProfileView.swift */ = {isa = PBXFileReference; lastKnownFileType = sourcecode.swift; path = ProfileView.swift; sourceTree = "<group>"; };
		E7AC9E352AB842C300A166DA /* ProfileDesignViewController.swift */ = {isa = PBXFileReference; lastKnownFileType = sourcecode.swift; path = ProfileDesignViewController.swift; sourceTree = "<group>"; };
		E7AC9E372AB843B000A166DA /* ProfileDesignView.swift */ = {isa = PBXFileReference; lastKnownFileType = sourcecode.swift; path = ProfileDesignView.swift; sourceTree = "<group>"; };
		E7F21D8F2AB17FBA0095FDEE /* assignment01.app */ = {isa = PBXFileReference; explicitFileType = wrapper.application; includeInIndex = 0; path = assignment01.app; sourceTree = BUILT_PRODUCTS_DIR; };
		E7F21D922AB17FBA0095FDEE /* AppDelegate.swift */ = {isa = PBXFileReference; lastKnownFileType = sourcecode.swift; path = AppDelegate.swift; sourceTree = "<group>"; };
		E7F21D942AB17FBA0095FDEE /* SceneDelegate.swift */ = {isa = PBXFileReference; lastKnownFileType = sourcecode.swift; path = SceneDelegate.swift; sourceTree = "<group>"; };
		E7F21D962AB17FBA0095FDEE /* EntryViewController.swift */ = {isa = PBXFileReference; lastKnownFileType = sourcecode.swift; path = EntryViewController.swift; sourceTree = "<group>"; };
		E7F21D9C2AB17FBA0095FDEE /* assignment01.xcdatamodel */ = {isa = PBXFileReference; lastKnownFileType = wrapper.xcdatamodel; path = assignment01.xcdatamodel; sourceTree = "<group>"; };
		E7F21D9E2AB17FBC0095FDEE /* Assets.xcassets */ = {isa = PBXFileReference; lastKnownFileType = folder.assetcatalog; path = Assets.xcassets; sourceTree = "<group>"; };
		E7F21DA12AB17FBC0095FDEE /* Base */ = {isa = PBXFileReference; lastKnownFileType = file.storyboard; name = Base; path = Base.lproj/LaunchScreen.storyboard; sourceTree = "<group>"; };
		E7F21DA32AB17FBC0095FDEE /* Info.plist */ = {isa = PBXFileReference; lastKnownFileType = text.plist.xml; path = Info.plist; sourceTree = "<group>"; };
/* End PBXFileReference section */

/* Begin PBXFrameworksBuildPhase section */
		E7F21D8C2AB17FBA0095FDEE /* Frameworks */ = {
			isa = PBXFrameworksBuildPhase;
			buildActionMask = 2147483647;
			files = (
				9357E967DE50132D2DB05EFB /* Pods_assignment01.framework in Frameworks */,
			);
			runOnlyForDeploymentPostprocessing = 0;
		};
/* End PBXFrameworksBuildPhase section */

/* Begin PBXGroup section */
		20E248C6CCF71B895B16A75D /* Frameworks */ = {
			isa = PBXGroup;
			children = (
				02AC7B7D414953DEE49D740D /* Pods_assignment01.framework */,
			);
			name = Frameworks;
			sourceTree = "<group>";
		};
		87F094D22DDF62BCA74C299C /* Pods */ = {
			isa = PBXGroup;
			children = (
				6CBFF4741C1E74936DED0FBC /* Pods-assignment01.debug.xcconfig */,
				0264837BD40DACBDC7632A76 /* Pods-assignment01.release.xcconfig */,
			);
			path = Pods;
			sourceTree = "<group>";
		};
		E73322B12ABC0E290013CF66 /* Extensions */ = {
			isa = PBXGroup;
			children = (
				E73322B92ABC0EAF0013CF66 /* StringExtension.swift */,
				E73322BA2ABC0EAF0013CF66 /* UIImageViewExtension.swift */,
				E73322B82ABC0EAF0013CF66 /* UITextFieldExtension.swift */,
			);
			path = Extensions;
			sourceTree = "<group>";
		};
		E73322C22ABC14740013CF66 /* AssignmentOne */ = {
			isa = PBXGroup;
			children = (
				E73322C62ABC14BF0013CF66 /* Views */,
				E73322C72ABC14CB0013CF66 /* Controllers */,
			);
			path = AssignmentOne;
			sourceTree = "<group>";
		};
		E73322C32ABC14950013CF66 /* AssignmentTwo */ = {
			isa = PBXGroup;
			children = (
				E73322C82ABC14F30013CF66 /* Models */,
				E73322C92ABC14FA0013CF66 /* Views */,
				E7A6260A2AB2D60800BDAC15 /* ViewModels */,
				E73322CA2ABC15030013CF66 /* Controllers */,
			);
			path = AssignmentTwo;
			sourceTree = "<group>";
		};
		E73322C42ABC14A60013CF66 /* AssignmentThree */ = {
			isa = PBXGroup;
			children = (
				E73322CB2ABC15180013CF66 /* Models */,
				E73322CC2ABC152A0013CF66 /* Views */,
				E73322CD2ABC15460013CF66 /* Controllers */,
			);
			path = AssignmentThree;
			sourceTree = "<group>";
		};
		E73322C62ABC14BF0013CF66 /* Views */ = {
			isa = PBXGroup;
			children = (
				E7AC9E372AB843B000A166DA /* ProfileDesignView.swift */,
			);
			path = Views;
			sourceTree = "<group>";
		};
		E73322C72ABC14CB0013CF66 /* Controllers */ = {
			isa = PBXGroup;
			children = (
				E7AC9E352AB842C300A166DA /* ProfileDesignViewController.swift */,
			);
			path = Controllers;
			sourceTree = "<group>";
		};
		E73322C82ABC14F30013CF66 /* Models */ = {
			isa = PBXGroup;
			children = (
				E73322C02ABC144B0013CF66 /* User.swift */,
			);
			path = Models;
			sourceTree = "<group>";
		};
		E73322C92ABC14FA0013CF66 /* Views */ = {
			isa = PBXGroup;
			children = (
				E7AC9E332AB83D6E00A166DA /* ProfileView.swift */,
			);
			path = Views;
			sourceTree = "<group>";
		};
		E73322CA2ABC15030013CF66 /* Controllers */ = {
			isa = PBXGroup;
			children = (
				E7AC9E2F2AB83C2B00A166DA /* ProfileViewController.swift */,
			);
			path = Controllers;
			sourceTree = "<group>";
		};
		E73322CB2ABC15180013CF66 /* Models */ = {
			isa = PBXGroup;
			children = (
				E73322A72ABC0CD90013CF66 /* Task.swift */,
			);
			path = Models;
			sourceTree = "<group>";
		};
		E73322CC2ABC152A0013CF66 /* Views */ = {
			isa = PBXGroup;
			children = (
				E73322A52ABC0CCD0013CF66 /* TodoListCell.swift */,
			);
			path = Views;
			sourceTree = "<group>";
		};
		E73322CD2ABC15460013CF66 /* Controllers */ = {
			isa = PBXGroup;
			children = (
				E73322A92ABC0D000013CF66 /* TodoListViewController.swift */,
				E73322AA2ABC0D000013CF66 /* CompletedListViewController.swift */,
				E73322AB2ABC0D000013CF66 /* AddTaskModalViewController.swift */,
				E73322BE2ABC0F490013CF66 /* EditTaskModalViewController.swift */,
			);
			path = Controllers;
			sourceTree = "<group>";
		};
		E7A626062AB2D5C300BDAC15 /* Resources */ = {
			isa = PBXGroup;
			children = (
				E73322B12ABC0E290013CF66 /* Extensions */,
				E7F21D942AB17FBA0095FDEE /* SceneDelegate.swift */,
				E7F21D922AB17FBA0095FDEE /* AppDelegate.swift */,
				E7F21DA02AB17FBC0095FDEE /* LaunchScreen.storyboard */,
				E7F21D9E2AB17FBC0095FDEE /* Assets.xcassets */,
			);
			path = Resources;
			sourceTree = "<group>";
		};
		E7A626072AB2D5CB00BDAC15 /* Sources */ = {
			isa = PBXGroup;
			children = (
				E7A6260E2AB2E27A00BDAC15 /* EntryView.swift */,
				E7F21D962AB17FBA0095FDEE /* EntryViewController.swift */,
				E73322C22ABC14740013CF66 /* AssignmentOne */,
				E73322C32ABC14950013CF66 /* AssignmentTwo */,
				E73322C42ABC14A60013CF66 /* AssignmentThree */,
			);
			path = Sources;
			sourceTree = "<group>";
		};
		E7A6260A2AB2D60800BDAC15 /* ViewModels */ = {
			isa = PBXGroup;
			children = (
			);
			path = ViewModels;
			sourceTree = "<group>";
		};
		E7F21D862AB17FBA0095FDEE = {
			isa = PBXGroup;
			children = (
				E7F21D912AB17FBA0095FDEE /* assignment01 */,
				E7F21D902AB17FBA0095FDEE /* Products */,
				87F094D22DDF62BCA74C299C /* Pods */,
				20E248C6CCF71B895B16A75D /* Frameworks */,
			);
			sourceTree = "<group>";
		};
		E7F21D902AB17FBA0095FDEE /* Products */ = {
			isa = PBXGroup;
			children = (
				E7F21D8F2AB17FBA0095FDEE /* assignment01.app */,
			);
			name = Products;
			sourceTree = "<group>";
		};
		E7F21D912AB17FBA0095FDEE /* assignment01 */ = {
			isa = PBXGroup;
			children = (
				E7A626062AB2D5C300BDAC15 /* Resources */,
				E7A626072AB2D5CB00BDAC15 /* Sources */,
				E7F21DA32AB17FBC0095FDEE /* Info.plist */,
				E7F21D9B2AB17FBA0095FDEE /* assignment01.xcdatamodeld */,
			);
			path = assignment01;
			sourceTree = "<group>";
		};
/* End PBXGroup section */

/* Begin PBXNativeTarget section */
		E7F21D8E2AB17FBA0095FDEE /* assignment01 */ = {
			isa = PBXNativeTarget;
			buildConfigurationList = E7F21DA62AB17FBC0095FDEE /* Build configuration list for PBXNativeTarget "assignment01" */;
			buildPhases = (
				6C6BABFAF4C72DD70809198D /* [CP] Check Pods Manifest.lock */,
				E7F21D8B2AB17FBA0095FDEE /* Sources */,
				E7F21D8C2AB17FBA0095FDEE /* Frameworks */,
				E7F21D8D2AB17FBA0095FDEE /* Resources */,
				6A6CD8D11F1D7F0CF918AC05 /* [CP] Embed Pods Frameworks */,
			);
			buildRules = (
			);
			dependencies = (
			);
			name = assignment01;
			productName = assignment01;
			productReference = E7F21D8F2AB17FBA0095FDEE /* assignment01.app */;
			productType = "com.apple.product-type.application";
		};
/* End PBXNativeTarget section */

/* Begin PBXProject section */
		E7F21D872AB17FBA0095FDEE /* Project object */ = {
			isa = PBXProject;
			attributes = {
				BuildIndependentTargetsInParallel = 1;
				LastSwiftUpdateCheck = 1500;
				LastUpgradeCheck = 1500;
				TargetAttributes = {
					E7F21D8E2AB17FBA0095FDEE = {
						CreatedOnToolsVersion = 15.0;
					};
				};
			};
			buildConfigurationList = E7F21D8A2AB17FBA0095FDEE /* Build configuration list for PBXProject "assignment01" */;
			compatibilityVersion = "Xcode 14.0";
			developmentRegion = en;
			hasScannedForEncodings = 0;
			knownRegions = (
				en,
				Base,
			);
			mainGroup = E7F21D862AB17FBA0095FDEE;
			productRefGroup = E7F21D902AB17FBA0095FDEE /* Products */;
			projectDirPath = "";
			projectRoot = "";
			targets = (
				E7F21D8E2AB17FBA0095FDEE /* assignment01 */,
			);
		};
/* End PBXProject section */

/* Begin PBXResourcesBuildPhase section */
		E7F21D8D2AB17FBA0095FDEE /* Resources */ = {
			isa = PBXResourcesBuildPhase;
			buildActionMask = 2147483647;
			files = (
				E7F21DA22AB17FBC0095FDEE /* LaunchScreen.storyboard in Resources */,
				E7F21D9F2AB17FBC0095FDEE /* Assets.xcassets in Resources */,
			);
			runOnlyForDeploymentPostprocessing = 0;
		};
/* End PBXResourcesBuildPhase section */

/* Begin PBXShellScriptBuildPhase section */
		6A6CD8D11F1D7F0CF918AC05 /* [CP] Embed Pods Frameworks */ = {
			isa = PBXShellScriptBuildPhase;
			buildActionMask = 2147483647;
			files = (
			);
			inputFileListPaths = (
				"${PODS_ROOT}/Target Support Files/Pods-assignment01/Pods-assignment01-frameworks-${CONFIGURATION}-input-files.xcfilelist",
			);
			name = "[CP] Embed Pods Frameworks";
			outputFileListPaths = (
				"${PODS_ROOT}/Target Support Files/Pods-assignment01/Pods-assignment01-frameworks-${CONFIGURATION}-output-files.xcfilelist",
			);
			runOnlyForDeploymentPostprocessing = 0;
			shellPath = /bin/sh;
			shellScript = "\"${PODS_ROOT}/Target Support Files/Pods-assignment01/Pods-assignment01-frameworks.sh\"\n";
			showEnvVarsInLog = 0;
		};
		6C6BABFAF4C72DD70809198D /* [CP] Check Pods Manifest.lock */ = {
			isa = PBXShellScriptBuildPhase;
			buildActionMask = 2147483647;
			files = (
			);
			inputFileListPaths = (
			);
			inputPaths = (
				"${PODS_PODFILE_DIR_PATH}/Podfile.lock",
				"${PODS_ROOT}/Manifest.lock",
			);
			name = "[CP] Check Pods Manifest.lock";
			outputFileListPaths = (
			);
			outputPaths = (
				"$(DERIVED_FILE_DIR)/Pods-assignment01-checkManifestLockResult.txt",
			);
			runOnlyForDeploymentPostprocessing = 0;
			shellPath = /bin/sh;
			shellScript = "diff \"${PODS_PODFILE_DIR_PATH}/Podfile.lock\" \"${PODS_ROOT}/Manifest.lock\" > /dev/null\nif [ $? != 0 ] ; then\n    # print error to STDERR\n    echo \"error: The sandbox is not in sync with the Podfile.lock. Run 'pod install' or update your CocoaPods installation.\" >&2\n    exit 1\nfi\n# This output is used by Xcode 'outputs' to avoid re-running this script phase.\necho \"SUCCESS\" > \"${SCRIPT_OUTPUT_FILE_0}\"\n";
			showEnvVarsInLog = 0;
		};
/* End PBXShellScriptBuildPhase section */

/* Begin PBXSourcesBuildPhase section */
		E7F21D8B2AB17FBA0095FDEE /* Sources */ = {
			isa = PBXSourcesBuildPhase;
			buildActionMask = 2147483647;
			files = (
				E73322AE2ABC0D000013CF66 /* AddTaskModalViewController.swift in Sources */,
				E73322BF2ABC0F4A0013CF66 /* EditTaskModalViewController.swift in Sources */,
				E73322AC2ABC0D000013CF66 /* TodoListViewController.swift in Sources */,
				E7AC9E342AB83D6E00A166DA /* ProfileView.swift in Sources */,
				E73322A62ABC0CCD0013CF66 /* TodoListCell.swift in Sources */,
				E73322BC2ABC0EAF0013CF66 /* StringExtension.swift in Sources */,
				E7AC9E302AB83C2B00A166DA /* ProfileViewController.swift in Sources */,
				E7AC9E362AB842C300A166DA /* ProfileDesignViewController.swift in Sources */,
				E73322A82ABC0CD90013CF66 /* Task.swift in Sources */,
				E7F21D972AB17FBA0095FDEE /* EntryViewController.swift in Sources */,
				E7F21D932AB17FBA0095FDEE /* AppDelegate.swift in Sources */,
				E73322AD2ABC0D000013CF66 /* CompletedListViewController.swift in Sources */,
				E73322BB2ABC0EAF0013CF66 /* UITextFieldExtension.swift in Sources */,
				E7A6260F2AB2E27A00BDAC15 /* EntryView.swift in Sources */,
				E73322BD2ABC0EAF0013CF66 /* UIImageViewExtension.swift in Sources */,
				E7F21D952AB17FBA0095FDEE /* SceneDelegate.swift in Sources */,
				E7F21D9D2AB17FBA0095FDEE /* assignment01.xcdatamodeld in Sources */,
				E7AC9E382AB843B000A166DA /* ProfileDesignView.swift in Sources */,
				E73322C12ABC144B0013CF66 /* User.swift in Sources */,
			);
			runOnlyForDeploymentPostprocessing = 0;
		};
/* End PBXSourcesBuildPhase section */

/* Begin PBXVariantGroup section */
		E7F21DA02AB17FBC0095FDEE /* LaunchScreen.storyboard */ = {
			isa = PBXVariantGroup;
			children = (
				E7F21DA12AB17FBC0095FDEE /* Base */,
			);
			name = LaunchScreen.storyboard;
			sourceTree = "<group>";
		};
/* End PBXVariantGroup section */

/* Begin XCBuildConfiguration section */
		E7F21DA42AB17FBC0095FDEE /* Debug */ = {
			isa = XCBuildConfiguration;
			buildSettings = {
				ALWAYS_SEARCH_USER_PATHS = NO;
				ASSETCATALOG_COMPILER_GENERATE_SWIFT_ASSET_SYMBOL_EXTENSIONS = YES;
				CLANG_ANALYZER_NONNULL = YES;
				CLANG_ANALYZER_NUMBER_OBJECT_CONVERSION = YES_AGGRESSIVE;
				CLANG_CXX_LANGUAGE_STANDARD = "gnu++20";
				CLANG_ENABLE_MODULES = YES;
				CLANG_ENABLE_OBJC_ARC = YES;
				CLANG_ENABLE_OBJC_WEAK = YES;
				CLANG_WARN_BLOCK_CAPTURE_AUTORELEASING = YES;
				CLANG_WARN_BOOL_CONVERSION = YES;
				CLANG_WARN_COMMA = YES;
				CLANG_WARN_CONSTANT_CONVERSION = YES;
				CLANG_WARN_DEPRECATED_OBJC_IMPLEMENTATIONS = YES;
				CLANG_WARN_DIRECT_OBJC_ISA_USAGE = YES_ERROR;
				CLANG_WARN_DOCUMENTATION_COMMENTS = YES;
				CLANG_WARN_EMPTY_BODY = YES;
				CLANG_WARN_ENUM_CONVERSION = YES;
				CLANG_WARN_INFINITE_RECURSION = YES;
				CLANG_WARN_INT_CONVERSION = YES;
				CLANG_WARN_NON_LITERAL_NULL_CONVERSION = YES;
				CLANG_WARN_OBJC_IMPLICIT_RETAIN_SELF = YES;
				CLANG_WARN_OBJC_LITERAL_CONVERSION = YES;
				CLANG_WARN_OBJC_ROOT_CLASS = YES_ERROR;
				CLANG_WARN_QUOTED_INCLUDE_IN_FRAMEWORK_HEADER = YES;
				CLANG_WARN_RANGE_LOOP_ANALYSIS = YES;
				CLANG_WARN_STRICT_PROTOTYPES = YES;
				CLANG_WARN_SUSPICIOUS_MOVE = YES;
				CLANG_WARN_UNGUARDED_AVAILABILITY = YES_AGGRESSIVE;
				CLANG_WARN_UNREACHABLE_CODE = YES;
				CLANG_WARN__DUPLICATE_METHOD_MATCH = YES;
				COPY_PHASE_STRIP = NO;
				DEBUG_INFORMATION_FORMAT = dwarf;
				ENABLE_STRICT_OBJC_MSGSEND = YES;
				ENABLE_TESTABILITY = YES;
				ENABLE_USER_SCRIPT_SANDBOXING = NO;
				GCC_C_LANGUAGE_STANDARD = gnu17;
				GCC_DYNAMIC_NO_PIC = NO;
				GCC_NO_COMMON_BLOCKS = YES;
				GCC_OPTIMIZATION_LEVEL = 0;
				GCC_PREPROCESSOR_DEFINITIONS = (
					"DEBUG=1",
					"$(inherited)",
				);
				GCC_WARN_64_TO_32_BIT_CONVERSION = YES;
				GCC_WARN_ABOUT_RETURN_TYPE = YES_ERROR;
				GCC_WARN_UNDECLARED_SELECTOR = YES;
				GCC_WARN_UNINITIALIZED_AUTOS = YES_AGGRESSIVE;
				GCC_WARN_UNUSED_FUNCTION = YES;
				GCC_WARN_UNUSED_VARIABLE = YES;
				IPHONEOS_DEPLOYMENT_TARGET = 17.0;
				LOCALIZATION_PREFERS_STRING_CATALOGS = YES;
				MTL_ENABLE_DEBUG_INFO = INCLUDE_SOURCE;
				MTL_FAST_MATH = YES;
				ONLY_ACTIVE_ARCH = YES;
				SDKROOT = iphoneos;
				SWIFT_ACTIVE_COMPILATION_CONDITIONS = "DEBUG $(inherited)";
				SWIFT_OPTIMIZATION_LEVEL = "-Onone";
			};
			name = Debug;
		};
		E7F21DA52AB17FBC0095FDEE /* Release */ = {
			isa = XCBuildConfiguration;
			buildSettings = {
				ALWAYS_SEARCH_USER_PATHS = NO;
				ASSETCATALOG_COMPILER_GENERATE_SWIFT_ASSET_SYMBOL_EXTENSIONS = YES;
				CLANG_ANALYZER_NONNULL = YES;
				CLANG_ANALYZER_NUMBER_OBJECT_CONVERSION = YES_AGGRESSIVE;
				CLANG_CXX_LANGUAGE_STANDARD = "gnu++20";
				CLANG_ENABLE_MODULES = YES;
				CLANG_ENABLE_OBJC_ARC = YES;
				CLANG_ENABLE_OBJC_WEAK = YES;
				CLANG_WARN_BLOCK_CAPTURE_AUTORELEASING = YES;
				CLANG_WARN_BOOL_CONVERSION = YES;
				CLANG_WARN_COMMA = YES;
				CLANG_WARN_CONSTANT_CONVERSION = YES;
				CLANG_WARN_DEPRECATED_OBJC_IMPLEMENTATIONS = YES;
				CLANG_WARN_DIRECT_OBJC_ISA_USAGE = YES_ERROR;
				CLANG_WARN_DOCUMENTATION_COMMENTS = YES;
				CLANG_WARN_EMPTY_BODY = YES;
				CLANG_WARN_ENUM_CONVERSION = YES;
				CLANG_WARN_INFINITE_RECURSION = YES;
				CLANG_WARN_INT_CONVERSION = YES;
				CLANG_WARN_NON_LITERAL_NULL_CONVERSION = YES;
				CLANG_WARN_OBJC_IMPLICIT_RETAIN_SELF = YES;
				CLANG_WARN_OBJC_LITERAL_CONVERSION = YES;
				CLANG_WARN_OBJC_ROOT_CLASS = YES_ERROR;
				CLANG_WARN_QUOTED_INCLUDE_IN_FRAMEWORK_HEADER = YES;
				CLANG_WARN_RANGE_LOOP_ANALYSIS = YES;
				CLANG_WARN_STRICT_PROTOTYPES = YES;
				CLANG_WARN_SUSPICIOUS_MOVE = YES;
				CLANG_WARN_UNGUARDED_AVAILABILITY = YES_AGGRESSIVE;
				CLANG_WARN_UNREACHABLE_CODE = YES;
				CLANG_WARN__DUPLICATE_METHOD_MATCH = YES;
				COPY_PHASE_STRIP = NO;
				DEBUG_INFORMATION_FORMAT = "dwarf-with-dsym";
				ENABLE_NS_ASSERTIONS = NO;
				ENABLE_STRICT_OBJC_MSGSEND = YES;
				ENABLE_USER_SCRIPT_SANDBOXING = NO;
				GCC_C_LANGUAGE_STANDARD = gnu17;
				GCC_NO_COMMON_BLOCKS = YES;
				GCC_WARN_64_TO_32_BIT_CONVERSION = YES;
				GCC_WARN_ABOUT_RETURN_TYPE = YES_ERROR;
				GCC_WARN_UNDECLARED_SELECTOR = YES;
				GCC_WARN_UNINITIALIZED_AUTOS = YES_AGGRESSIVE;
				GCC_WARN_UNUSED_FUNCTION = YES;
				GCC_WARN_UNUSED_VARIABLE = YES;
				IPHONEOS_DEPLOYMENT_TARGET = 17.0;
				LOCALIZATION_PREFERS_STRING_CATALOGS = YES;
				MTL_ENABLE_DEBUG_INFO = NO;
				MTL_FAST_MATH = YES;
				SDKROOT = iphoneos;
				SWIFT_COMPILATION_MODE = wholemodule;
				VALIDATE_PRODUCT = YES;
			};
			name = Release;
		};
		E7F21DA72AB17FBC0095FDEE /* Debug */ = {
			isa = XCBuildConfiguration;
			baseConfigurationReference = 6CBFF4741C1E74936DED0FBC /* Pods-assignment01.debug.xcconfig */;
			buildSettings = {
				ASSETCATALOG_COMPILER_APPICON_NAME = AppIcon;
				ASSETCATALOG_COMPILER_GLOBAL_ACCENT_COLOR_NAME = AccentColor;
				CODE_SIGN_STYLE = Automatic;
				CURRENT_PROJECT_VERSION = 1;
				DEVELOPMENT_TEAM = 6QX787Y3Y6;
				GENERATE_INFOPLIST_FILE = YES;
				INFOPLIST_FILE = assignment01/Info.plist;
				INFOPLIST_KEY_UIApplicationSupportsIndirectInputEvents = YES;
				INFOPLIST_KEY_UILaunchStoryboardName = LaunchScreen;
				INFOPLIST_KEY_UISupportedInterfaceOrientations_iPad = "UIInterfaceOrientationPortrait UIInterfaceOrientationPortraitUpsideDown UIInterfaceOrientationLandscapeLeft UIInterfaceOrientationLandscapeRight";
				INFOPLIST_KEY_UISupportedInterfaceOrientations_iPhone = "UIInterfaceOrientationPortrait UIInterfaceOrientationLandscapeLeft UIInterfaceOrientationLandscapeRight";
				IPHONEOS_DEPLOYMENT_TARGET = 15.0;
				LD_RUNPATH_SEARCH_PATHS = (
					"$(inherited)",
					"@executable_path/Frameworks",
				);
				MARKETING_VERSION = 1.0;
				PRODUCT_BUNDLE_IDENTIFIER = com.brtr.assignment01;
				PRODUCT_NAME = "$(TARGET_NAME)";
				SWIFT_EMIT_LOC_STRINGS = YES;
				SWIFT_VERSION = 5.0;
				TARGETED_DEVICE_FAMILY = "1,2";
			};
			name = Debug;
		};
		E7F21DA82AB17FBC0095FDEE /* Release */ = {
			isa = XCBuildConfiguration;
			baseConfigurationReference = 0264837BD40DACBDC7632A76 /* Pods-assignment01.release.xcconfig */;
			buildSettings = {
				ASSETCATALOG_COMPILER_APPICON_NAME = AppIcon;
				ASSETCATALOG_COMPILER_GLOBAL_ACCENT_COLOR_NAME = AccentColor;
				CODE_SIGN_STYLE = Automatic;
				CURRENT_PROJECT_VERSION = 1;
				DEVELOPMENT_TEAM = 6QX787Y3Y6;
				GENERATE_INFOPLIST_FILE = YES;
				INFOPLIST_FILE = assignment01/Info.plist;
				INFOPLIST_KEY_UIApplicationSupportsIndirectInputEvents = YES;
				INFOPLIST_KEY_UILaunchStoryboardName = LaunchScreen;
				INFOPLIST_KEY_UISupportedInterfaceOrientations_iPad = "UIInterfaceOrientationPortrait UIInterfaceOrientationPortraitUpsideDown UIInterfaceOrientationLandscapeLeft UIInterfaceOrientationLandscapeRight";
				INFOPLIST_KEY_UISupportedInterfaceOrientations_iPhone = "UIInterfaceOrientationPortrait UIInterfaceOrientationLandscapeLeft UIInterfaceOrientationLandscapeRight";
				IPHONEOS_DEPLOYMENT_TARGET = 15.0;
				LD_RUNPATH_SEARCH_PATHS = (
					"$(inherited)",
					"@executable_path/Frameworks",
				);
				MARKETING_VERSION = 1.0;
				PRODUCT_BUNDLE_IDENTIFIER = com.brtr.assignment01;
				PRODUCT_NAME = "$(TARGET_NAME)";
				SWIFT_EMIT_LOC_STRINGS = YES;
				SWIFT_VERSION = 5.0;
				TARGETED_DEVICE_FAMILY = "1,2";
			};
			name = Release;
		};
/* End XCBuildConfiguration section */

/* Begin XCConfigurationList section */
		E7F21D8A2AB17FBA0095FDEE /* Build configuration list for PBXProject "assignment01" */ = {
			isa = XCConfigurationList;
			buildConfigurations = (
				E7F21DA42AB17FBC0095FDEE /* Debug */,
				E7F21DA52AB17FBC0095FDEE /* Release */,
			);
			defaultConfigurationIsVisible = 0;
			defaultConfigurationName = Release;
		};
		E7F21DA62AB17FBC0095FDEE /* Build configuration list for PBXNativeTarget "assignment01" */ = {
			isa = XCConfigurationList;
			buildConfigurations = (
				E7F21DA72AB17FBC0095FDEE /* Debug */,
				E7F21DA82AB17FBC0095FDEE /* Release */,
			);
			defaultConfigurationIsVisible = 0;
			defaultConfigurationName = Release;
		};
/* End XCConfigurationList section */

/* Begin XCVersionGroup section */
		E7F21D9B2AB17FBA0095FDEE /* assignment01.xcdatamodeld */ = {
			isa = XCVersionGroup;
			children = (
				E7F21D9C2AB17FBA0095FDEE /* assignment01.xcdatamodel */,
			);
			currentVersion = E7F21D9C2AB17FBA0095FDEE /* assignment01.xcdatamodel */;
			path = assignment01.xcdatamodeld;
			sourceTree = "<group>";
			versionGroupType = wrapper.xcdatamodel;
		};
/* End XCVersionGroup section */
	};
	rootObject = E7F21D872AB17FBA0095FDEE /* Project object */;
}
